// !$*UTF8*$!
{
	archiveVersion = 1;
	classes = {
	};
	objectVersion = 63;
	objects = {

/* Begin PBXBuildFile section */
		C48DF67F264179710009A704 /* AppDelegate.swift in Sources */ = {isa = PBXBuildFile; fileRef = C48DF67E264179710009A704 /* AppDelegate.swift */; };
		C48DF681264179710009A704 /* SceneDelegate.swift in Sources */ = {isa = PBXBuildFile; fileRef = C48DF680264179710009A704 /* SceneDelegate.swift */; };
		C48DF683264179710009A704 /* ViewController.swift in Sources */ = {isa = PBXBuildFile; fileRef = C48DF682264179710009A704 /* ViewController.swift */; };
		C48DF686264179710009A704 /* Main.storyboard in Resources */ = {isa = PBXBuildFile; fileRef = C48DF684264179710009A704 /* Main.storyboard */; };
		C48DF688264179740009A704 /* Assets.xcassets in Resources */ = {isa = PBXBuildFile; fileRef = C48DF687264179740009A704 /* Assets.xcassets */; };
		C48DF68B264179740009A704 /* LaunchScreen.storyboard in Resources */ = {isa = PBXBuildFile; fileRef = C48DF689264179740009A704 /* LaunchScreen.storyboard */; };
		C48DF69326417A370009A704 /* Movie.swift in Sources */ = {isa = PBXBuildFile; fileRef = C48DF69226417A370009A704 /* Movie.swift */; };
		C48DF69526417A990009A704 /* MovieDetailsViewController.swift in Sources */ = {isa = PBXBuildFile; fileRef = C48DF69426417A990009A704 /* MovieDetailsViewController.swift */; };
		C48DF69726417CBA0009A704 /* MovieCell.swift in Sources */ = {isa = PBXBuildFile; fileRef = C48DF69626417CBA0009A704 /* MovieCell.swift */; };
/* End PBXBuildFile section */

/* Begin PBXFileReference section */
		C48DF67B264179710009A704 /* my-movies-app.app */ = {isa = PBXFileReference; explicitFileType = wrapper.application; includeInIndex = 0; path = "my-movies-app.app"; sourceTree = BUILT_PRODUCTS_DIR; };
		C48DF67E264179710009A704 /* AppDelegate.swift */ = {isa = PBXFileReference; lastKnownFileType = sourcecode.swift; path = AppDelegate.swift; sourceTree = "<group>"; };
		C48DF680264179710009A704 /* SceneDelegate.swift */ = {isa = PBXFileReference; lastKnownFileType = sourcecode.swift; path = SceneDelegate.swift; sourceTree = "<group>"; };
		C48DF682264179710009A704 /* ViewController.swift */ = {isa = PBXFileReference; lastKnownFileType = sourcecode.swift; path = ViewController.swift; sourceTree = "<group>"; };
		C48DF685264179710009A704 /* Base */ = {isa = PBXFileReference; lastKnownFileType = file.storyboard; name = Base; path = Base.lproj/Main.storyboard; sourceTree = "<group>"; };
		C48DF687264179740009A704 /* Assets.xcassets */ = {isa = PBXFileReference; lastKnownFileType = folder.assetcatalog; path = Assets.xcassets; sourceTree = "<group>"; };
		C48DF68A264179740009A704 /* Base */ = {isa = PBXFileReference; lastKnownFileType = file.storyboard; name = Base; path = Base.lproj/LaunchScreen.storyboard; sourceTree = "<group>"; };
		C48DF68C264179740009A704 /* Info.plist */ = {isa = PBXFileReference; lastKnownFileType = text.plist.xml; path = Info.plist; sourceTree = "<group>"; };
		C48DF69226417A370009A704 /* Movie.swift */ = {isa = PBXFileReference; lastKnownFileType = sourcecode.swift; path = Movie.swift; sourceTree = "<group>"; };
		C48DF69426417A990009A704 /* MovieDetailsViewController.swift */ = {isa = PBXFileReference; lastKnownFileType = sourcecode.swift; path = MovieDetailsViewController.swift; sourceTree = "<group>"; };
		C48DF69626417CBA0009A704 /* MovieCell.swift */ = {isa = PBXFileReference; lastKnownFileType = sourcecode.swift; path = MovieCell.swift; sourceTree = "<group>"; };
/* End PBXFileReference section */

/* Begin PBXFrameworksBuildPhase section */
		C48DF678264179710009A704 /* Frameworks */ = {
			isa = PBXFrameworksBuildPhase;
			buildActionMask = 2147483647;
			files = (
			);
			runOnlyForDeploymentPostprocessing = 0;
		};
/* End PBXFrameworksBuildPhase section */

/* Begin PBXGroup section */
		C48DF672264179710009A704 = {
			isa = PBXGroup;
			children = (
				C48DF67D264179710009A704 /* my-movies-app */,
				C48DF67C264179710009A704 /* Products */,
			);
			sourceTree = "<group>";
		};
		C48DF67C264179710009A704 /* Products */ = {
			isa = PBXGroup;
			children = (
				C48DF67B264179710009A704 /* my-movies-app.app */,
			);
			name = Products;
			sourceTree = "<group>";
		};
		C48DF67D264179710009A704 /* my-movies-app */ = {
			isa = PBXGroup;
			children = (
				C48DF67E264179710009A704 /* AppDelegate.swift */,
				C48DF680264179710009A704 /* SceneDelegate.swift */,
				C48DF682264179710009A704 /* ViewController.swift */,
				C48DF69226417A370009A704 /* Movie.swift */,
				C48DF69626417CBA0009A704 /* MovieCell.swift */,
				C48DF69426417A990009A704 /* MovieDetailsViewController.swift */,
				C48DF684264179710009A704 /* Main.storyboard */,
				C48DF687264179740009A704 /* Assets.xcassets */,
				C48DF689264179740009A704 /* LaunchScreen.storyboard */,
				C48DF68C264179740009A704 /* Info.plist */,
			);
			path = "my-movies-app";
			sourceTree = "<group>";
		};
/* End PBXGroup section */

/* Begin PBXNativeTarget section */
		C48DF67A264179710009A704 /* my-movies-app */ = {
			isa = PBXNativeTarget;
			buildConfigurationList = C48DF68F264179740009A704 /* Build configuration list for PBXNativeTarget "my-movies-app" */;
			buildPhases = (
				C48DF677264179710009A704 /* Sources */,
				C48DF678264179710009A704 /* Frameworks */,
				C48DF679264179710009A704 /* Resources */,
			);
			buildRules = (
			);
			dependencies = (
			);
			name = "my-movies-app";
			productName = "my-movies-app";
			productReference = C48DF67B264179710009A704 /* my-movies-app.app */;
			productType = "com.apple.product-type.application";
		};
/* End PBXNativeTarget section */

/* Begin PBXProject section */
		C48DF673264179710009A704 /* Project object */ = {
			isa = PBXProject;
			attributes = {
				BuildIndependentTargetsInParallel = YES;
				LastSwiftUpdateCheck = 1150;
				LastUpgradeCheck = 1530;
				ORGANIZATIONNAME = "zehra Çelik";
				TargetAttributes = {
					C48DF67A264179710009A704 = {
						CreatedOnToolsVersion = 11.5;
					};
				};
			};
			buildConfigurationList = C48DF676264179710009A704 /* Build configuration list for PBXProject "my-movies-app" */;
			compatibilityVersion = "Xcode 15.3";
			developmentRegion = en;
			hasScannedForEncodings = 0;
			knownRegions = (
				en,
				Base,
			);
			mainGroup = C48DF672264179710009A704;
			productRefGroup = C48DF67C264179710009A704 /* Products */;
			projectDirPath = "";
			projectRoot = "";
			targets = (
				C48DF67A264179710009A704 /* my-movies-app */,
			);
		};
/* End PBXProject section */

/* Begin PBXResourcesBuildPhase section */
		C48DF679264179710009A704 /* Resources */ = {
			isa = PBXResourcesBuildPhase;
			buildActionMask = 2147483647;
			files = (
				C48DF68B264179740009A704 /* LaunchScreen.storyboard in Resources */,
				C48DF688264179740009A704 /* Assets.xcassets in Resources */,
				C48DF686264179710009A704 /* Main.storyboard in Resources */,
			);
			runOnlyForDeploymentPostprocessing = 0;
		};
/* End PBXResourcesBuildPhase section */

/* Begin PBXSourcesBuildPhase section */
		C48DF677264179710009A704 /* Sources */ = {
			isa = PBXSourcesBuildPhase;
			buildActionMask = 2147483647;
			files = (
				C48DF69526417A990009A704 /* MovieDetailsViewController.swift in Sources */,
				C48DF683264179710009A704 /* ViewController.swift in Sources */,
				C48DF69726417CBA0009A704 /* MovieCell.swift in Sources */,
				C48DF67F264179710009A704 /* AppDelegate.swift in Sources */,
				C48DF69326417A370009A704 /* Movie.swift in Sources */,
				C48DF681264179710009A704 /* SceneDelegate.swift in Sources */,
			);
			runOnlyForDeploymentPostprocessing = 0;
		};
/* End PBXSourcesBuildPhase section */

/* Begin PBXVariantGroup section */
		C48DF684264179710009A704 /* Main.storyboard */ = {
			isa = PBXVariantGroup;
			children = (
				C48DF685264179710009A704 /* Base */,
			);
			name = Main.storyboard;
			sourceTree = "<group>";
		};
		C48DF689264179740009A704 /* LaunchScreen.storyboard */ = {
			isa = PBXVariantGroup;
			children = (
				C48DF68A264179740009A704 /* Base */,
			);
			name = LaunchScreen.storyboard;
			sourceTree = "<group>";
		};
/* End PBXVariantGroup section */

/* Begin XCBuildConfiguration section */
		C48DF68D264179740009A704 /* Debug */ = {
			isa = XCBuildConfiguration;
			buildSettings = {
				ALWAYS_SEARCH_USER_PATHS = NO;
				CLANG_ANALYZER_NONNULL = YES;
				CLANG_ANALYZER_NUMBER_OBJECT_CONVERSION = YES_AGGRESSIVE;
				CLANG_CXX_LANGUAGE_STANDARD = "gnu++14";
				CLANG_CXX_LIBRARY = "libc++";
				CLANG_ENABLE_MODULES = YES;
				CLANG_ENABLE_OBJC_ARC = YES;
				CLANG_ENABLE_OBJC_WEAK = YES;
				CLANG_WARN_BLOCK_CAPTURE_AUTORELEASING = YES;
				CLANG_WARN_BOOL_CONVERSION = YES;
				CLANG_WARN_COMMA = YES;
				CLANG_WARN_CONSTANT_CONVERSION = YES;
				CLANG_WARN_DEPRECATED_OBJC_IMPLEMENTATIONS = YES;
				CLANG_WARN_DIRECT_OBJC_ISA_USAGE = YES_ERROR;
				CLANG_WARN_DOCUMENTATION_COMMENTS = YES;
				CLANG_WARN_EMPTY_BODY = YES;
				CLANG_WARN_ENUM_CONVERSION = YES;
				CLANG_WARN_INFINITE_RECURSION = YES;
				CLANG_WARN_INT_CONVERSION = YES;
				CLANG_WARN_NON_LITERAL_NULL_CONVERSION = YES;
				CLANG_WARN_OBJC_IMPLICIT_RETAIN_SELF = YES;
				CLANG_WARN_OBJC_LITERAL_CONVERSION = YES;
				CLANG_WARN_OBJC_ROOT_CLASS = YES_ERROR;
				CLANG_WARN_QUOTED_INCLUDE_IN_FRAMEWORK_HEADER = YES;
				CLANG_WARN_RANGE_LOOP_ANALYSIS = YES;
				CLANG_WARN_STRICT_PROTOTYPES = YES;
				CLANG_WARN_SUSPICIOUS_MOVE = YES;
				CLANG_WARN_UNGUARDED_AVAILABILITY = YES_AGGRESSIVE;
				CLANG_WARN_UNREACHABLE_CODE = YES;
				CLANG_WARN__DUPLICATE_METHOD_MATCH = YES;
				COPY_PHASE_STRIP = NO;
				DEBUG_INFORMATION_FORMAT = dwarf;
				ENABLE_STRICT_OBJC_MSGSEND = YES;
				ENABLE_TESTABILITY = YES;
				ENABLE_USER_SCRIPT_SANDBOXING = YES;
				GCC_C_LANGUAGE_STANDARD = gnu11;
				GCC_DYNAMIC_NO_PIC = NO;
				GCC_NO_COMMON_BLOCKS = YES;
				GCC_OPTIMIZATION_LEVEL = 0;
				GCC_PREPROCESSOR_DEFINITIONS = (
					"DEBUG=1",
					"$(inherited)",
				);
				GCC_WARN_64_TO_32_BIT_CONVERSION = YES;
				GCC_WARN_ABOUT_RETURN_TYPE = YES_ERROR;
				GCC_WARN_UNDECLARED_SELECTOR = YES;
				GCC_WARN_UNINITIALIZED_AUTOS = YES_AGGRESSIVE;
				GCC_WARN_UNUSED_FUNCTION = YES;
				GCC_WARN_UNUSED_VARIABLE = YES;
				IPHONEOS_DEPLOYMENT_TARGET = 17.4;
				MTL_ENABLE_DEBUG_INFO = INCLUDE_SOURCE;
				MTL_FAST_MATH = YES;
				ONLY_ACTIVE_ARCH = YES;
				SDKROOT = iphoneos;
				SWIFT_ACTIVE_COMPILATION_CONDITIONS = DEBUG;
				SWIFT_OPTIMIZATION_LEVEL = "-Onone";
			};
			name = Debug;
		};
		C48DF68E264179740009A704 /* Release */ = {
			isa = XCBuildConfiguration;
			buildSettings = {
				ALWAYS_SEARCH_USER_PATHS = NO;
				CLANG_ANALYZER_NONNULL = YES;
				CLANG_ANALYZER_NUMBER_OBJECT_CONVERSION = YES_AGGRESSIVE;
				CLANG_CXX_LANGUAGE_STANDARD = "gnu++14";
				CLANG_CXX_LIBRARY = "libc++";
				CLANG_ENABLE_MODULES = YES;
				CLANG_ENABLE_OBJC_ARC = YES;
				CLANG_ENABLE_OBJC_WEAK = YES;
				CLANG_WARN_BLOCK_CAPTURE_AUTORELEASING = YES;
				CLANG_WARN_BOOL_CONVERSION = YES;
				CLANG_WARN_COMMA = YES;
				CLANG_WARN_CONSTANT_CONVERSION = YES;
				CLANG_WARN_DEPRECATED_OBJC_IMPLEMENTATIONS = YES;
				CLANG_WARN_DIRECT_OBJC_ISA_USAGE = YES_ERROR;
				CLANG_WARN_DOCUMENTATION_COMMENTS = YES;
				CLANG_WARN_EMPTY_BODY = YES;
				CLANG_WARN_ENUM_CONVERSION = YES;
				CLANG_WARN_INFINITE_RECURSION = YES;
				CLANG_WARN_INT_CONVERSION = YES;
				CLANG_WARN_NON_LITERAL_NULL_CONVERSION = YES;
				CLANG_WARN_OBJC_IMPLICIT_RETAIN_SELF = YES;
				CLANG_WARN_OBJC_LITERAL_CONVERSION = YES;
				CLANG_WARN_OBJC_ROOT_CLASS = YES_ERROR;
				CLANG_WARN_QUOTED_INCLUDE_IN_FRAMEWORK_HEADER = YES;
				CLANG_WARN_RANGE_LOOP_ANALYSIS = YES;
				CLANG_WARN_STRICT_PROTOTYPES = YES;
				CLANG_WARN_SUSPICIOUS_MOVE = YES;
				CLANG_WARN_UNGUARDED_AVAILABILITY = YES_AGGRESSIVE;
				CLANG_WARN_UNREACHABLE_CODE = YES;
				CLANG_WARN__DUPLICATE_METHOD_MATCH = YES;
				COPY_PHASE_STRIP = NO;
				DEBUG_INFORMATION_FORMAT = "dwarf-with-dsym";
				ENABLE_NS_ASSERTIONS = NO;
				ENABLE_STRICT_OBJC_MSGSEND = YES;
				ENABLE_USER_SCRIPT_SANDBOXING = YES;
				GCC_C_LANGUAGE_STANDARD = gnu11;
				GCC_NO_COMMON_BLOCKS = YES;
				GCC_WARN_64_TO_32_BIT_CONVERSION = YES;
				GCC_WARN_ABOUT_RETURN_TYPE = YES_ERROR;
				GCC_WARN_UNDECLARED_SELECTOR = YES;
				GCC_WARN_UNINITIALIZED_AUTOS = YES_AGGRESSIVE;
				GCC_WARN_UNUSED_FUNCTION = YES;
				GCC_WARN_UNUSED_VARIABLE = YES;
				IPHONEOS_DEPLOYMENT_TARGET = 17.4;
				MTL_ENABLE_DEBUG_INFO = NO;
				MTL_FAST_MATH = YES;
				SDKROOT = iphoneos;
				SWIFT_COMPILATION_MODE = wholemodule;
				SWIFT_OPTIMIZATION_LEVEL = "-O";
				VALIDATE_PRODUCT = YES;
			};
			name = Release;
		};
		C48DF690264179740009A704 /* Debug */ = {
			isa = XCBuildConfiguration;
			buildSettings = {
				ASSETCATALOG_COMPILER_APPICON_NAME = AppIcon;
				CODE_SIGN_IDENTITY = "Apple Development";
				CODE_SIGN_STYLE = Automatic;
				DEVELOPMENT_TEAM = AAY7YC4776;
				INFOPLIST_FILE = "my-movies-app/Info.plist";
				LD_RUNPATH_SEARCH_PATHS = (
					"$(inherited)",
					"@executable_path/Frameworks",
				);
				PRODUCT_BUNDLE_IDENTIFIER = "com.zehracelik.my-movies-app";
				PRODUCT_NAME = "$(TARGET_NAME)";
				PROVISIONING_PROFILE_SPECIFIER = "";
				SWIFT_VERSION = 5.0;
				TARGETED_DEVICE_FAMILY = "1,2";
			};
			name = Debug;
		};
		C48DF691264179740009A704 /* Release */ = {
			isa = XCBuildConfiguration;
			buildSettings = {
				ASSETCATALOG_COMPILER_APPICON_NAME = AppIcon;
				CODE_SIGN_IDENTITY = "Apple Development";
				CODE_SIGN_STYLE = Automatic;
				DEVELOPMENT_TEAM = AAY7YC4776;
				INFOPLIST_FILE = "my-movies-app/Info.plist";
				LD_RUNPATH_SEARCH_PATHS = (
					"$(inherited)",
					"@executable_path/Frameworks",
				);
				PRODUCT_BUNDLE_IDENTIFIER = "com.zehracelik.my-movies-app";
				PRODUCT_NAME = "$(TARGET_NAME)";
				PROVISIONING_PROFILE_SPECIFIER = "";
				SWIFT_VERSION = 5.0;
				TARGETED_DEVICE_FAMILY = "1,2";
			};
			name = Release;
		};
/* End XCBuildConfiguration section */

/* Begin XCConfigurationList section */
		C48DF676264179710009A704 /* Build configuration list for PBXProject "my-movies-app" */ = {
			isa = XCConfigurationList;
			buildConfigurations = (
				C48DF68D264179740009A704 /* Debug */,
				C48DF68E264179740009A704 /* Release */,
			);
			defaultConfigurationIsVisible = 0;
			defaultConfigurationName = Release;
		};
		C48DF68F264179740009A704 /* Build configuration list for PBXNativeTarget "my-movies-app" */ = {
			isa = XCConfigurationList;
			buildConfigurations = (
				C48DF690264179740009A704 /* Debug */,
				C48DF691264179740009A704 /* Release */,
			);
			defaultConfigurationIsVisible = 0;
			defaultConfigurationName = Release;
		};
/* End XCConfigurationList section */
	};
	rootObject = C48DF673264179710009A704 /* Project object */;
}
